PODS:
  - C4 (2.1.1)
  - MyC4FW (0.0.1):
    - C4

DEPENDENCIES:
  - MyC4FW (from `../../`)

EXTERNAL SOURCES:
  MyC4FW:
    :path: ../../

SPEC CHECKSUMS:
  C4: 50c631f37096fd84498b462dce124552ad958d88
  MyC4FW: 8cbcda6994e61bcf328e47da2fbb878b1d9cca3d

PODFILE CHECKSUM: 139b09682c9afdc4512ef92fb2d77c14779b63fc

COCOAPODS: 1.1.1
